
Microsoft Visual Studio Solution File, Format Version 12.00
# Visual Studio Version 16
VisualStudioVersion = 16.0.30320.27
MinimumVisualStudioVersion = 10.0.40219.1
Project("{FAE04EC0-301F-11D3-BF4B-00C04F79EFBC}") = "Week 7 Tutorial", "Week 7 Tutorial\Week 7 Tutorial.csproj", "{6059DA87-E16F-40FA-80A1-21ADEF98842E}"
EndProject
Global
	GlobalSection(SolutionConfigurationPlatforms) = preSolution
		Debug|Any CPU = Debug|Any CPU
		Release|Any CPU = Release|Any CPU
	EndGlobalSection
	GlobalSection(ProjectConfigurationPlatforms) = postSolution
		{6059DA87-E16F-40FA-80A1-21ADEF98842E}.Debug|Any CPU.ActiveCfg = Debug|Any CPU
		{6059DA87-E16F-40FA-80A1-21ADEF98842E}.Debug|Any CPU.Build.0 = Debug|Any CPU
		{6059DA87-E16F-40FA-80A1-21ADEF98842E}.Release|Any CPU.ActiveCfg = Release|Any CPU
		{6059DA87-E16F-40FA-80A1-21ADEF98842E}.Release|Any CPU.Build.0 = Release|Any CPU
	EndGlobalSection
	GlobalSection(SolutionProperties) = preSolution
		HideSolutionNode = FALSE
	EndGlobalSection
	GlobalSection(ExtensibilityGlobals) = postSolution
		SolutionGuid = {1EAFA2C3-35CA-4C0F-AB3C-0D4419CCBF39}
	EndGlobalSection
EndGlobal
